// !$*UTF8*$!
{
	archiveVersion = 1;
	classes = {
	};
	objectVersion = 50;
	objects = {

/* Begin PBXBuildFile section */
		78A80FDA240F5DE6006CC45E /* InfoPlistHelper.swift in Sources */ = {isa = PBXBuildFile; fileRef = 78A80FD9240F5DE6006CC45E /* InfoPlistHelper.swift */; };
		78A80FDC240F67C6006CC45E /* ErrorModel.swift in Sources */ = {isa = PBXBuildFile; fileRef = 78A80FDB240F67C6006CC45E /* ErrorModel.swift */; };
		78A80FDE240F6896006CC45E /* StatusViewModel.swift in Sources */ = {isa = PBXBuildFile; fileRef = 78A80FDD240F6896006CC45E /* StatusViewModel.swift */; };
		78D71539240EBC37006989A1 /* AppDelegate.swift in Sources */ = {isa = PBXBuildFile; fileRef = 78D71538240EBC37006989A1 /* AppDelegate.swift */; };
		78D7153B240EBC37006989A1 /* SceneDelegate.swift in Sources */ = {isa = PBXBuildFile; fileRef = 78D7153A240EBC37006989A1 /* SceneDelegate.swift */; };
		78D7153D240EBC37006989A1 /* ViewController.swift in Sources */ = {isa = PBXBuildFile; fileRef = 78D7153C240EBC37006989A1 /* ViewController.swift */; };
		78D71540240EBC37006989A1 /* Main.storyboard in Resources */ = {isa = PBXBuildFile; fileRef = 78D7153E240EBC37006989A1 /* Main.storyboard */; };
		78D71542240EBC38006989A1 /* Assets.xcassets in Resources */ = {isa = PBXBuildFile; fileRef = 78D71541240EBC38006989A1 /* Assets.xcassets */; };
		78D71545240EBC38006989A1 /* LaunchScreen.storyboard in Resources */ = {isa = PBXBuildFile; fileRef = 78D71543240EBC38006989A1 /* LaunchScreen.storyboard */; };
		78D71550240EBC38006989A1 /* TfL_Coding_ChallengeTests.swift in Sources */ = {isa = PBXBuildFile; fileRef = 78D7154F240EBC38006989A1 /* TfL_Coding_ChallengeTests.swift */; };
		78D7155B240EBE66006989A1 /* RequestBuilder.swift in Sources */ = {isa = PBXBuildFile; fileRef = 78D7155A240EBE66006989A1 /* RequestBuilder.swift */; };
		78D7155E240ED0C5006989A1 /* ServiceLayer.swift in Sources */ = {isa = PBXBuildFile; fileRef = 78D7155D240ED0C5006989A1 /* ServiceLayer.swift */; };
		78D71561240EF029006989A1 /* RoadStatus.swift in Sources */ = {isa = PBXBuildFile; fileRef = 78D71560240EF029006989A1 /* RoadStatus.swift */; };
		78D71567240F0310006989A1 /* Box.swift in Sources */ = {isa = PBXBuildFile; fileRef = 78D71566240F0310006989A1 /* Box.swift */; };
		78D7156A240F0EB3006989A1 /* RoadStatusCell.swift in Sources */ = {isa = PBXBuildFile; fileRef = 78D71569240F0EB3006989A1 /* RoadStatusCell.swift */; };
		78D7156C240F12E3006989A1 /* RoadManager.swift in Sources */ = {isa = PBXBuildFile; fileRef = 78D7156B240F12E3006989A1 /* RoadManager.swift */; };
		78D7156E240F1414006989A1 /* UIColor.swift in Sources */ = {isa = PBXBuildFile; fileRef = 78D7156D240F1414006989A1 /* UIColor.swift */; };
		78D71570240F25AB006989A1 /* Error.swift in Sources */ = {isa = PBXBuildFile; fileRef = 78D7156F240F25AB006989A1 /* Error.swift */; };
		78D71572240F3936006989A1 /* AlertModel.swift in Sources */ = {isa = PBXBuildFile; fileRef = 78D71571240F3936006989A1 /* AlertModel.swift */; };
		78D71574240F3DEB006989A1 /* StatusViewModelTests.swift in Sources */ = {isa = PBXBuildFile; fileRef = 78D71573240F3DEB006989A1 /* StatusViewModelTests.swift */; };
/* End PBXBuildFile section */

/* Begin PBXContainerItemProxy section */
		78D7154C240EBC38006989A1 /* PBXContainerItemProxy */ = {
			isa = PBXContainerItemProxy;
			containerPortal = 78D7152D240EBC37006989A1 /* Project object */;
			proxyType = 1;
			remoteGlobalIDString = 78D71534240EBC37006989A1;
			remoteInfo = "TfL Coding Challenge";
		};
/* End PBXContainerItemProxy section */

/* Begin PBXFileReference section */
		78A80FD9240F5DE6006CC45E /* InfoPlistHelper.swift */ = {isa = PBXFileReference; lastKnownFileType = sourcecode.swift; path = InfoPlistHelper.swift; sourceTree = "<group>"; };
		78A80FDB240F67C6006CC45E /* ErrorModel.swift */ = {isa = PBXFileReference; lastKnownFileType = sourcecode.swift; path = ErrorModel.swift; sourceTree = "<group>"; };
		78A80FDD240F6896006CC45E /* StatusViewModel.swift */ = {isa = PBXFileReference; lastKnownFileType = sourcecode.swift; path = StatusViewModel.swift; sourceTree = "<group>"; };
		78D71535240EBC37006989A1 /* TfL Coding Challenge.app */ = {isa = PBXFileReference; explicitFileType = wrapper.application; includeInIndex = 0; path = "TfL Coding Challenge.app"; sourceTree = BUILT_PRODUCTS_DIR; };
		78D71538240EBC37006989A1 /* AppDelegate.swift */ = {isa = PBXFileReference; lastKnownFileType = sourcecode.swift; path = AppDelegate.swift; sourceTree = "<group>"; };
		78D7153A240EBC37006989A1 /* SceneDelegate.swift */ = {isa = PBXFileReference; lastKnownFileType = sourcecode.swift; path = SceneDelegate.swift; sourceTree = "<group>"; };
		78D7153C240EBC37006989A1 /* ViewController.swift */ = {isa = PBXFileReference; lastKnownFileType = sourcecode.swift; path = ViewController.swift; sourceTree = "<group>"; };
		78D7153F240EBC37006989A1 /* Base */ = {isa = PBXFileReference; lastKnownFileType = file.storyboard; name = Base; path = Base.lproj/Main.storyboard; sourceTree = "<group>"; };
		78D71541240EBC38006989A1 /* Assets.xcassets */ = {isa = PBXFileReference; lastKnownFileType = folder.assetcatalog; path = Assets.xcassets; sourceTree = "<group>"; };
		78D71544240EBC38006989A1 /* Base */ = {isa = PBXFileReference; lastKnownFileType = file.storyboard; name = Base; path = Base.lproj/LaunchScreen.storyboard; sourceTree = "<group>"; };
		78D71546240EBC38006989A1 /* Info.plist */ = {isa = PBXFileReference; lastKnownFileType = text.plist.xml; path = Info.plist; sourceTree = "<group>"; };
		78D7154B240EBC38006989A1 /* TfL Coding ChallengeTests.xctest */ = {isa = PBXFileReference; explicitFileType = wrapper.cfbundle; includeInIndex = 0; path = "TfL Coding ChallengeTests.xctest"; sourceTree = BUILT_PRODUCTS_DIR; };
		78D7154F240EBC38006989A1 /* TfL_Coding_ChallengeTests.swift */ = {isa = PBXFileReference; lastKnownFileType = sourcecode.swift; path = TfL_Coding_ChallengeTests.swift; sourceTree = "<group>"; };
		78D71551240EBC38006989A1 /* Info.plist */ = {isa = PBXFileReference; lastKnownFileType = text.plist.xml; path = Info.plist; sourceTree = "<group>"; };
		78D7155A240EBE66006989A1 /* RequestBuilder.swift */ = {isa = PBXFileReference; lastKnownFileType = sourcecode.swift; path = RequestBuilder.swift; sourceTree = "<group>"; };
		78D7155D240ED0C5006989A1 /* ServiceLayer.swift */ = {isa = PBXFileReference; lastKnownFileType = sourcecode.swift; path = ServiceLayer.swift; sourceTree = "<group>"; };
		78D71560240EF029006989A1 /* RoadStatus.swift */ = {isa = PBXFileReference; lastKnownFileType = sourcecode.swift; path = RoadStatus.swift; sourceTree = "<group>"; };
		78D71566240F0310006989A1 /* Box.swift */ = {isa = PBXFileReference; lastKnownFileType = sourcecode.swift; path = Box.swift; sourceTree = "<group>"; };
		78D71569240F0EB3006989A1 /* RoadStatusCell.swift */ = {isa = PBXFileReference; lastKnownFileType = sourcecode.swift; path = RoadStatusCell.swift; sourceTree = "<group>"; };
		78D7156B240F12E3006989A1 /* RoadManager.swift */ = {isa = PBXFileReference; lastKnownFileType = sourcecode.swift; path = RoadManager.swift; sourceTree = "<group>"; };
		78D7156D240F1414006989A1 /* UIColor.swift */ = {isa = PBXFileReference; lastKnownFileType = sourcecode.swift; path = UIColor.swift; sourceTree = "<group>"; };
		78D7156F240F25AB006989A1 /* Error.swift */ = {isa = PBXFileReference; lastKnownFileType = sourcecode.swift; path = Error.swift; sourceTree = "<group>"; };
		78D71571240F3936006989A1 /* AlertModel.swift */ = {isa = PBXFileReference; lastKnownFileType = sourcecode.swift; path = AlertModel.swift; sourceTree = "<group>"; };
		78D71573240F3DEB006989A1 /* StatusViewModelTests.swift */ = {isa = PBXFileReference; lastKnownFileType = sourcecode.swift; path = StatusViewModelTests.swift; sourceTree = "<group>"; };
/* End PBXFileReference section */

/* Begin PBXFrameworksBuildPhase section */
		78D71532240EBC37006989A1 /* Frameworks */ = {
			isa = PBXFrameworksBuildPhase;
			buildActionMask = 2147483647;
			files = (
			);
			runOnlyForDeploymentPostprocessing = 0;
		};
		78D71548240EBC38006989A1 /* Frameworks */ = {
			isa = PBXFrameworksBuildPhase;
			buildActionMask = 2147483647;
			files = (
			);
			runOnlyForDeploymentPostprocessing = 0;
		};
/* End PBXFrameworksBuildPhase section */

/* Begin PBXGroup section */
		78D7152C240EBC37006989A1 = {
			isa = PBXGroup;
			children = (
				78D71537240EBC37006989A1 /* TfL Coding Challenge */,
				78D7154E240EBC38006989A1 /* TfL Coding ChallengeTests */,
				78D71536240EBC37006989A1 /* Products */,
			);
			sourceTree = "<group>";
		};
		78D71536240EBC37006989A1 /* Products */ = {
			isa = PBXGroup;
			children = (
				78D71535240EBC37006989A1 /* TfL Coding Challenge.app */,
				78D7154B240EBC38006989A1 /* TfL Coding ChallengeTests.xctest */,
			);
			name = Products;
			sourceTree = "<group>";
		};
		78D71537240EBC37006989A1 /* TfL Coding Challenge */ = {
			isa = PBXGroup;
			children = (
				78D71565240F02FB006989A1 /* Utils */,
				78D7155C240ED0A7006989A1 /* Networking */,
				78D71568240F0E94006989A1 /* Managers */,
				78D7155F240EEFFA006989A1 /* Model */,
				78D71562240EF06A006989A1 /* Views */,
				78D71538240EBC37006989A1 /* AppDelegate.swift */,
				78D7153A240EBC37006989A1 /* SceneDelegate.swift */,
				78A80FDD240F6896006CC45E /* StatusViewModel.swift */,
				78D7153C240EBC37006989A1 /* ViewController.swift */,
				78D7153E240EBC37006989A1 /* Main.storyboard */,
				78D71541240EBC38006989A1 /* Assets.xcassets */,
				78D71543240EBC38006989A1 /* LaunchScreen.storyboard */,
				78D71546240EBC38006989A1 /* Info.plist */,
			);
			path = "TfL Coding Challenge";
			sourceTree = "<group>";
		};
		78D7154E240EBC38006989A1 /* TfL Coding ChallengeTests */ = {
			isa = PBXGroup;
			children = (
				78D71573240F3DEB006989A1 /* StatusViewModelTests.swift */,
				78D7154F240EBC38006989A1 /* TfL_Coding_ChallengeTests.swift */,
				78D71551240EBC38006989A1 /* Info.plist */,
			);
			path = "TfL Coding ChallengeTests";
			sourceTree = "<group>";
		};
		78D7155C240ED0A7006989A1 /* Networking */ = {
			isa = PBXGroup;
			children = (
				78D7155A240EBE66006989A1 /* RequestBuilder.swift */,
				78D7155D240ED0C5006989A1 /* ServiceLayer.swift */,
			);
			path = Networking;
			sourceTree = "<group>";
		};
		78D7155F240EEFFA006989A1 /* Model */ = {
			isa = PBXGroup;
			children = (
				78D71571240F3936006989A1 /* AlertModel.swift */,
				78D71560240EF029006989A1 /* RoadStatus.swift */,
				78A80FDB240F67C6006CC45E /* ErrorModel.swift */,
			);
			path = Model;
			sourceTree = "<group>";
		};
		78D71562240EF06A006989A1 /* Views */ = {
			isa = PBXGroup;
			children = (
				78D71569240F0EB3006989A1 /* RoadStatusCell.swift */,
			);
			path = Views;
			sourceTree = "<group>";
		};
		78D71565240F02FB006989A1 /* Utils */ = {
			isa = PBXGroup;
			children = (
				78D71566240F0310006989A1 /* Box.swift */,
				78D7156D240F1414006989A1 /* UIColor.swift */,
				78D7156F240F25AB006989A1 /* Error.swift */,
				78A80FD9240F5DE6006CC45E /* InfoPlistHelper.swift */,
			);
			path = Utils;
			sourceTree = "<group>";
		};
		78D71568240F0E94006989A1 /* Managers */ = {
			isa = PBXGroup;
			children = (
				78D7156B240F12E3006989A1 /* RoadManager.swift */,
			);
			path = Managers;
			sourceTree = "<group>";
		};
/* End PBXGroup section */

/* Begin PBXNativeTarget section */
		78D71534240EBC37006989A1 /* TfL Coding Challenge */ = {
			isa = PBXNativeTarget;
			buildConfigurationList = 78D71554240EBC38006989A1 /* Build configuration list for PBXNativeTarget "TfL Coding Challenge" */;
			buildPhases = (
				78D71531240EBC37006989A1 /* Sources */,
				78D71532240EBC37006989A1 /* Frameworks */,
				78D71533240EBC37006989A1 /* Resources */,
			);
			buildRules = (
			);
			dependencies = (
			);
			name = "TfL Coding Challenge";
			productName = "TfL Coding Challenge";
			productReference = 78D71535240EBC37006989A1 /* TfL Coding Challenge.app */;
			productType = "com.apple.product-type.application";
		};
		78D7154A240EBC38006989A1 /* TfL Coding ChallengeTests */ = {
			isa = PBXNativeTarget;
			buildConfigurationList = 78D71557240EBC38006989A1 /* Build configuration list for PBXNativeTarget "TfL Coding ChallengeTests" */;
			buildPhases = (
				78D71547240EBC38006989A1 /* Sources */,
				78D71548240EBC38006989A1 /* Frameworks */,
				78D71549240EBC38006989A1 /* Resources */,
			);
			buildRules = (
			);
			dependencies = (
				78D7154D240EBC38006989A1 /* PBXTargetDependency */,
			);
			name = "TfL Coding ChallengeTests";
			productName = "TfL Coding ChallengeTests";
			productReference = 78D7154B240EBC38006989A1 /* TfL Coding ChallengeTests.xctest */;
			productType = "com.apple.product-type.bundle.unit-test";
		};
/* End PBXNativeTarget section */

/* Begin PBXProject section */
		78D7152D240EBC37006989A1 /* Project object */ = {
			isa = PBXProject;
			attributes = {
				LastSwiftUpdateCheck = 1130;
				LastUpgradeCheck = 1130;
				ORGANIZATIONNAME = "Nicolas Brucchieri";
				TargetAttributes = {
					78D71534240EBC37006989A1 = {
						CreatedOnToolsVersion = 11.3.1;
					};
					78D7154A240EBC38006989A1 = {
						CreatedOnToolsVersion = 11.3.1;
						TestTargetID = 78D71534240EBC37006989A1;
					};
				};
			};
			buildConfigurationList = 78D71530240EBC37006989A1 /* Build configuration list for PBXProject "TfL Coding Challenge" */;
			compatibilityVersion = "Xcode 9.3";
			developmentRegion = en;
			hasScannedForEncodings = 0;
			knownRegions = (
				en,
				Base,
			);
			mainGroup = 78D7152C240EBC37006989A1;
			productRefGroup = 78D71536240EBC37006989A1 /* Products */;
			projectDirPath = "";
			projectRoot = "";
			targets = (
				78D71534240EBC37006989A1 /* TfL Coding Challenge */,
				78D7154A240EBC38006989A1 /* TfL Coding ChallengeTests */,
			);
		};
/* End PBXProject section */

/* Begin PBXResourcesBuildPhase section */
		78D71533240EBC37006989A1 /* Resources */ = {
			isa = PBXResourcesBuildPhase;
			buildActionMask = 2147483647;
			files = (
				78D71545240EBC38006989A1 /* LaunchScreen.storyboard in Resources */,
				78D71542240EBC38006989A1 /* Assets.xcassets in Resources */,
				78D71540240EBC37006989A1 /* Main.storyboard in Resources */,
			);
			runOnlyForDeploymentPostprocessing = 0;
		};
		78D71549240EBC38006989A1 /* Resources */ = {
			isa = PBXResourcesBuildPhase;
			buildActionMask = 2147483647;
			files = (
			);
			runOnlyForDeploymentPostprocessing = 0;
		};
/* End PBXResourcesBuildPhase section */

/* Begin PBXSourcesBuildPhase section */
		78D71531240EBC37006989A1 /* Sources */ = {
			isa = PBXSourcesBuildPhase;
			buildActionMask = 2147483647;
			files = (
				78A80FDC240F67C6006CC45E /* ErrorModel.swift in Sources */,
				78A80FDE240F6896006CC45E /* StatusViewModel.swift in Sources */,
				78D7155E240ED0C5006989A1 /* ServiceLayer.swift in Sources */,
				78D7155B240EBE66006989A1 /* RequestBuilder.swift in Sources */,
				78D7153D240EBC37006989A1 /* ViewController.swift in Sources */,
				78D71570240F25AB006989A1 /* Error.swift in Sources */,
				78D71572240F3936006989A1 /* AlertModel.swift in Sources */,
				78D7156A240F0EB3006989A1 /* RoadStatusCell.swift in Sources */,
				78D71561240EF029006989A1 /* RoadStatus.swift in Sources */,
				78D71567240F0310006989A1 /* Box.swift in Sources */,
				78D71539240EBC37006989A1 /* AppDelegate.swift in Sources */,
				78D7156C240F12E3006989A1 /* RoadManager.swift in Sources */,
				78D7153B240EBC37006989A1 /* SceneDelegate.swift in Sources */,
				78A80FDA240F5DE6006CC45E /* InfoPlistHelper.swift in Sources */,
				78D7156E240F1414006989A1 /* UIColor.swift in Sources */,
			);
			runOnlyForDeploymentPostprocessing = 0;
		};
		78D71547240EBC38006989A1 /* Sources */ = {
			isa = PBXSourcesBuildPhase;
			buildActionMask = 2147483647;
			files = (
				78D71574240F3DEB006989A1 /* StatusViewModelTests.swift in Sources */,
				78D71550240EBC38006989A1 /* TfL_Coding_ChallengeTests.swift in Sources */,
			);
			runOnlyForDeploymentPostprocessing = 0;
		};
/* End PBXSourcesBuildPhase section */

/* Begin PBXTargetDependency section */
		78D7154D240EBC38006989A1 /* PBXTargetDependency */ = {
			isa = PBXTargetDependency;
			target = 78D71534240EBC37006989A1 /* TfL Coding Challenge */;
			targetProxy = 78D7154C240EBC38006989A1 /* PBXContainerItemProxy */;
		};
/* End PBXTargetDependency section */

/* Begin PBXVariantGroup section */
		78D7153E240EBC37006989A1 /* Main.storyboard */ = {
			isa = PBXVariantGroup;
			children = (
				78D7153F240EBC37006989A1 /* Base */,
			);
			name = Main.storyboard;
			sourceTree = "<group>";
		};
		78D71543240EBC38006989A1 /* LaunchScreen.storyboard */ = {
			isa = PBXVariantGroup;
			children = (
				78D71544240EBC38006989A1 /* Base */,
			);
			name = LaunchScreen.storyboard;
			sourceTree = "<group>";
		};
/* End PBXVariantGroup section */

/* Begin XCBuildConfiguration section */
		78D71552240EBC38006989A1 /* Debug */ = {
			isa = XCBuildConfiguration;
			buildSettings = {
				ALWAYS_SEARCH_USER_PATHS = NO;
				CLANG_ANALYZER_NONNULL = YES;
				CLANG_ANALYZER_NUMBER_OBJECT_CONVERSION = YES_AGGRESSIVE;
				CLANG_CXX_LANGUAGE_STANDARD = "gnu++14";
				CLANG_CXX_LIBRARY = "libc++";
				CLANG_ENABLE_MODULES = YES;
				CLANG_ENABLE_OBJC_ARC = YES;
				CLANG_ENABLE_OBJC_WEAK = YES;
				CLANG_WARN_BLOCK_CAPTURE_AUTORELEASING = YES;
				CLANG_WARN_BOOL_CONVERSION = YES;
				CLANG_WARN_COMMA = YES;
				CLANG_WARN_CONSTANT_CONVERSION = YES;
				CLANG_WARN_DEPRECATED_OBJC_IMPLEMENTATIONS = YES;
				CLANG_WARN_DIRECT_OBJC_ISA_USAGE = YES_ERROR;
				CLANG_WARN_DOCUMENTATION_COMMENTS = YES;
				CLANG_WARN_EMPTY_BODY = YES;
				CLANG_WARN_ENUM_CONVERSION = YES;
				CLANG_WARN_INFINITE_RECURSION = YES;
				CLANG_WARN_INT_CONVERSION = YES;
				CLANG_WARN_NON_LITERAL_NULL_CONVERSION = YES;
				CLANG_WARN_OBJC_IMPLICIT_RETAIN_SELF = YES;
				CLANG_WARN_OBJC_LITERAL_CONVERSION = YES;
				CLANG_WARN_OBJC_ROOT_CLASS = YES_ERROR;
				CLANG_WARN_RANGE_LOOP_ANALYSIS = YES;
				CLANG_WARN_STRICT_PROTOTYPES = YES;
				CLANG_WARN_SUSPICIOUS_MOVE = YES;
				CLANG_WARN_UNGUARDED_AVAILABILITY = YES_AGGRESSIVE;
				CLANG_WARN_UNREACHABLE_CODE = YES;
				CLANG_WARN__DUPLICATE_METHOD_MATCH = YES;
				COPY_PHASE_STRIP = NO;
				DEBUG_INFORMATION_FORMAT = dwarf;
				ENABLE_STRICT_OBJC_MSGSEND = YES;
				ENABLE_TESTABILITY = YES;
				GCC_C_LANGUAGE_STANDARD = gnu11;
				GCC_DYNAMIC_NO_PIC = NO;
				GCC_NO_COMMON_BLOCKS = YES;
				GCC_OPTIMIZATION_LEVEL = 0;
				GCC_PREPROCESSOR_DEFINITIONS = (
					"DEBUG=1",
					"$(inherited)",
				);
				GCC_WARN_64_TO_32_BIT_CONVERSION = YES;
				GCC_WARN_ABOUT_RETURN_TYPE = YES_ERROR;
				GCC_WARN_UNDECLARED_SELECTOR = YES;
				GCC_WARN_UNINITIALIZED_AUTOS = YES_AGGRESSIVE;
				GCC_WARN_UNUSED_FUNCTION = YES;
				GCC_WARN_UNUSED_VARIABLE = YES;
				IPHONEOS_DEPLOYMENT_TARGET = 13.2;
				MTL_ENABLE_DEBUG_INFO = INCLUDE_SOURCE;
				MTL_FAST_MATH = YES;
				ONLY_ACTIVE_ARCH = YES;
				SDKROOT = iphoneos;
				SWIFT_ACTIVE_COMPILATION_CONDITIONS = DEBUG;
				SWIFT_OPTIMIZATION_LEVEL = "-Onone";
			};
			name = Debug;
		};
		78D71553240EBC38006989A1 /* Release */ = {
			isa = XCBuildConfiguration;
			buildSettings = {
				ALWAYS_SEARCH_USER_PATHS = NO;
				CLANG_ANALYZER_NONNULL = YES;
				CLANG_ANALYZER_NUMBER_OBJECT_CONVERSION = YES_AGGRESSIVE;
				CLANG_CXX_LANGUAGE_STANDARD = "gnu++14";
				CLANG_CXX_LIBRARY = "libc++";
				CLANG_ENABLE_MODULES = YES;
				CLANG_ENABLE_OBJC_ARC = YES;
				CLANG_ENABLE_OBJC_WEAK = YES;
				CLANG_WARN_BLOCK_CAPTURE_AUTORELEASING = YES;
				CLANG_WARN_BOOL_CONVERSION = YES;
				CLANG_WARN_COMMA = YES;
				CLANG_WARN_CONSTANT_CONVERSION = YES;
				CLANG_WARN_DEPRECATED_OBJC_IMPLEMENTATIONS = YES;
				CLANG_WARN_DIRECT_OBJC_ISA_USAGE = YES_ERROR;
				CLANG_WARN_DOCUMENTATION_COMMENTS = YES;
				CLANG_WARN_EMPTY_BODY = YES;
				CLANG_WARN_ENUM_CONVERSION = YES;
				CLANG_WARN_INFINITE_RECURSION = YES;
				CLANG_WARN_INT_CONVERSION = YES;
				CLANG_WARN_NON_LITERAL_NULL_CONVERSION = YES;
				CLANG_WARN_OBJC_IMPLICIT_RETAIN_SELF = YES;
				CLANG_WARN_OBJC_LITERAL_CONVERSION = YES;
				CLANG_WARN_OBJC_ROOT_CLASS = YES_ERROR;
				CLANG_WARN_RANGE_LOOP_ANALYSIS = YES;
				CLANG_WARN_STRICT_PROTOTYPES = YES;
				CLANG_WARN_SUSPICIOUS_MOVE = YES;
				CLANG_WARN_UNGUARDED_AVAILABILITY = YES_AGGRESSIVE;
				CLANG_WARN_UNREACHABLE_CODE = YES;
				CLANG_WARN__DUPLICATE_METHOD_MATCH = YES;
				COPY_PHASE_STRIP = NO;
				DEBUG_INFORMATION_FORMAT = "dwarf-with-dsym";
				ENABLE_NS_ASSERTIONS = NO;
				ENABLE_STRICT_OBJC_MSGSEND = YES;
				GCC_C_LANGUAGE_STANDARD = gnu11;
				GCC_NO_COMMON_BLOCKS = YES;
				GCC_WARN_64_TO_32_BIT_CONVERSION = YES;
				GCC_WARN_ABOUT_RETURN_TYPE = YES_ERROR;
				GCC_WARN_UNDECLARED_SELECTOR = YES;
				GCC_WARN_UNINITIALIZED_AUTOS = YES_AGGRESSIVE;
				GCC_WARN_UNUSED_FUNCTION = YES;
				GCC_WARN_UNUSED_VARIABLE = YES;
				IPHONEOS_DEPLOYMENT_TARGET = 13.2;
				MTL_ENABLE_DEBUG_INFO = NO;
				MTL_FAST_MATH = YES;
				SDKROOT = iphoneos;
				SWIFT_COMPILATION_MODE = wholemodule;
				SWIFT_OPTIMIZATION_LEVEL = "-O";
				VALIDATE_PRODUCT = YES;
			};
			name = Release;
		};
		78D71555240EBC38006989A1 /* Debug */ = {
			isa = XCBuildConfiguration;
			buildSettings = {
				ASSETCATALOG_COMPILER_APPICON_NAME = AppIcon;
				CODE_SIGN_STYLE = Automatic;
				INFOPLIST_FILE = "TfL Coding Challenge/Info.plist";
				LD_RUNPATH_SEARCH_PATHS = (
					"$(inherited)",
					"@executable_path/Frameworks",
				);
				PRODUCT_BUNDLE_IDENTIFIER = "tfl.coding.challenge.TfL-Coding-Challenge";
				PRODUCT_NAME = "$(TARGET_NAME)";
				SWIFT_VERSION = 5.0;
				TARGETED_DEVICE_FAMILY = 1;
			};
			name = Debug;
		};
		78D71556240EBC38006989A1 /* Release */ = {
			isa = XCBuildConfiguration;
			buildSettings = {
				ASSETCATALOG_COMPILER_APPICON_NAME = AppIcon;
				CODE_SIGN_STYLE = Automatic;
				INFOPLIST_FILE = "TfL Coding Challenge/Info.plist";
				LD_RUNPATH_SEARCH_PATHS = (
					"$(inherited)",
					"@executable_path/Frameworks",
				);
				PRODUCT_BUNDLE_IDENTIFIER = "tfl.coding.challenge.TfL-Coding-Challenge";
				PRODUCT_NAME = "$(TARGET_NAME)";
				SWIFT_VERSION = 5.0;
				TARGETED_DEVICE_FAMILY = 1;
			};
			name = Release;
		};
		78D71558240EBC38006989A1 /* Debug */ = {
			isa = XCBuildConfiguration;
			buildSettings = {
				ALWAYS_EMBED_SWIFT_STANDARD_LIBRARIES = YES;
				BUNDLE_LOADER = "$(TEST_HOST)";
				CODE_SIGN_STYLE = Automatic;
				INFOPLIST_FILE = "TfL Coding ChallengeTests/Info.plist";
				IPHONEOS_DEPLOYMENT_TARGET = 13.2;
				LD_RUNPATH_SEARCH_PATHS = (
					"$(inherited)",
					"@executable_path/Frameworks",
					"@loader_path/Frameworks",
				);
				PRODUCT_BUNDLE_IDENTIFIER = "tfl.coding.challenge.TfL-Coding-ChallengeTests";
				PRODUCT_NAME = "$(TARGET_NAME)";
				SWIFT_VERSION = 5.0;
				TARGETED_DEVICE_FAMILY = "1,2";
				TEST_HOST = "$(BUILT_PRODUCTS_DIR)/TfL Coding Challenge.app/TfL Coding Challenge";
			};
			name = Debug;
		};
		78D71559240EBC38006989A1 /* Release */ = {
			isa = XCBuildConfiguration;
			buildSettings = {
				ALWAYS_EMBED_SWIFT_STANDARD_LIBRARIES = YES;
				BUNDLE_LOADER = "$(TEST_HOST)";
				CODE_SIGN_STYLE = Automatic;
				INFOPLIST_FILE = "TfL Coding ChallengeTests/Info.plist";
				IPHONEOS_DEPLOYMENT_TARGET = 13.2;
				LD_RUNPATH_SEARCH_PATHS = (
					"$(inherited)",
					"@executable_path/Frameworks",
					"@loader_path/Frameworks",
				);
				PRODUCT_BUNDLE_IDENTIFIER = "tfl.coding.challenge.TfL-Coding-ChallengeTests";
				PRODUCT_NAME = "$(TARGET_NAME)";
				SWIFT_VERSION = 5.0;
				TARGETED_DEVICE_FAMILY = "1,2";
				TEST_HOST = "$(BUILT_PRODUCTS_DIR)/TfL Coding Challenge.app/TfL Coding Challenge";
			};
			name = Release;
		};
/* End XCBuildConfiguration section */

/* Begin XCConfigurationList section */
		78D71530240EBC37006989A1 /* Build configuration list for PBXProject "TfL Coding Challenge" */ = {
			isa = XCConfigurationList;
			buildConfigurations = (
				78D71552240EBC38006989A1 /* Debug */,
				78D71553240EBC38006989A1 /* Release */,
			);
			defaultConfigurationIsVisible = 0;
			defaultConfigurationName = Release;
		};
		78D71554240EBC38006989A1 /* Build configuration list for PBXNativeTarget "TfL Coding Challenge" */ = {
			isa = XCConfigurationList;
			buildConfigurations = (
				78D71555240EBC38006989A1 /* Debug */,
				78D71556240EBC38006989A1 /* Release */,
			);
			defaultConfigurationIsVisible = 0;
			defaultConfigurationName = Release;
		};
		78D71557240EBC38006989A1 /* Build configuration list for PBXNativeTarget "TfL Coding ChallengeTests" */ = {
			isa = XCConfigurationList;
			buildConfigurations = (
				78D71558240EBC38006989A1 /* Debug */,
				78D71559240EBC38006989A1 /* Release */,
			);
			defaultConfigurationIsVisible = 0;
			defaultConfigurationName = Release;
		};
/* End XCConfigurationList section */
	};
	rootObject = 78D7152D240EBC37006989A1 /* Project object */;
}
